
Microsoft Visual Studio Solution File, Format Version 12.00
# Visual Studio 2015
Project("{FAE04EC0-301F-11D3-BF4B-00C04F79EFBC}") = "Ant_AI_Prototype.CSharp", "Ant_AI_Prototype.CSharp.csproj", "{07AC44D6-6573-D9B1-6D7D-A50FF7A20607}"
EndProject
Project("{FAE04EC0-301F-11D3-BF4B-00C04F79EFBC}") = "Ant_AI_Prototype.CSharp.Editor", "Ant_AI_Prototype.CSharp.Editor.csproj", "{83350055-E66F-B2EE-B22C-2CBC744C8CF7}"
EndProject
Global
	GlobalSection(SolutionConfigurationPlatforms) = preSolution
		Debug|Any CPU = Debug|Any CPU
		Release|Any CPU = Release|Any CPU
	EndGlobalSection
	GlobalSection(ProjectConfigurationPlatforms) = postSolution
		{07AC44D6-6573-D9B1-6D7D-A50FF7A20607}.Debug|Any CPU.ActiveCfg = Debug|Any CPU
		{07AC44D6-6573-D9B1-6D7D-A50FF7A20607}.Debug|Any CPU.Build.0 = Debug|Any CPU
		{07AC44D6-6573-D9B1-6D7D-A50FF7A20607}.Release|Any CPU.ActiveCfg = Release|Any CPU
		{07AC44D6-6573-D9B1-6D7D-A50FF7A20607}.Release|Any CPU.Build.0 = Release|Any CPU
		{83350055-E66F-B2EE-B22C-2CBC744C8CF7}.Debug|Any CPU.ActiveCfg = Debug|Any CPU
		{83350055-E66F-B2EE-B22C-2CBC744C8CF7}.Debug|Any CPU.Build.0 = Debug|Any CPU
		{83350055-E66F-B2EE-B22C-2CBC744C8CF7}.Release|Any CPU.ActiveCfg = Release|Any CPU
		{83350055-E66F-B2EE-B22C-2CBC744C8CF7}.Release|Any CPU.Build.0 = Release|Any CPU
	EndGlobalSection
	GlobalSection(SolutionProperties) = preSolution
		HideSolutionNode = FALSE
	EndGlobalSection
EndGlobal
