Microsoft Visual Studio Solution File, Format Version 11.00
# Visual Studio 2008

Project("{E8AEF6CE-25DB-277B-031B-0BDAA1D92982}") = "Ant_AI_Prototype", "Assembly-CSharp-firstpass.csproj", "{49797429-035F-705C-EC32-1E41A370ED27}"
EndProject
Project("{E8AEF6CE-25DB-277B-031B-0BDAA1D92982}") = "Ant_AI_Prototype", "Assembly-CSharp.csproj", "{838A6296-4041-DC4A-17A5-14181E14F8E5}"
EndProject
Project("{E8AEF6CE-25DB-277B-031B-0BDAA1D92982}") = "Ant_AI_Prototype", "Assembly-CSharp-Editor-firstpass.csproj", "{8938D39C-36EA-7CD3-8752-D539BB001521}"
EndProject
Project("{E8AEF6CE-25DB-277B-031B-0BDAA1D92982}") = "Ant_AI_Prototype", "Assembly-CSharp-Editor.csproj", "{E4619215-963E-0424-B6F4-FCF69EE9D12C}"
EndProject
Global
	GlobalSection(SolutionConfigurationPlatforms) = preSolution
		Debug|Any CPU = Debug|Any CPU
		Release|Any CPU = Release|Any CPU
	EndGlobalSection
	GlobalSection(ProjectConfigurationPlatforms) = postSolution
		{49797429-035F-705C-EC32-1E41A370ED27}.Debug|Any CPU.ActiveCfg = Debug|Any CPU
		{49797429-035F-705C-EC32-1E41A370ED27}.Debug|Any CPU.Build.0 = Debug|Any CPU
		{49797429-035F-705C-EC32-1E41A370ED27}.Release|Any CPU.ActiveCfg = Release|Any CPU
		{49797429-035F-705C-EC32-1E41A370ED27}.Release|Any CPU.Build.0 = Release|Any CPU
		{838A6296-4041-DC4A-17A5-14181E14F8E5}.Debug|Any CPU.ActiveCfg = Debug|Any CPU
		{838A6296-4041-DC4A-17A5-14181E14F8E5}.Debug|Any CPU.Build.0 = Debug|Any CPU
		{838A6296-4041-DC4A-17A5-14181E14F8E5}.Release|Any CPU.ActiveCfg = Release|Any CPU
		{838A6296-4041-DC4A-17A5-14181E14F8E5}.Release|Any CPU.Build.0 = Release|Any CPU
		{8938D39C-36EA-7CD3-8752-D539BB001521}.Debug|Any CPU.ActiveCfg = Debug|Any CPU
		{8938D39C-36EA-7CD3-8752-D539BB001521}.Debug|Any CPU.Build.0 = Debug|Any CPU
		{8938D39C-36EA-7CD3-8752-D539BB001521}.Release|Any CPU.ActiveCfg = Release|Any CPU
		{8938D39C-36EA-7CD3-8752-D539BB001521}.Release|Any CPU.Build.0 = Release|Any CPU
		{E4619215-963E-0424-B6F4-FCF69EE9D12C}.Debug|Any CPU.ActiveCfg = Debug|Any CPU
		{E4619215-963E-0424-B6F4-FCF69EE9D12C}.Debug|Any CPU.Build.0 = Debug|Any CPU
		{E4619215-963E-0424-B6F4-FCF69EE9D12C}.Release|Any CPU.ActiveCfg = Release|Any CPU
		{E4619215-963E-0424-B6F4-FCF69EE9D12C}.Release|Any CPU.Build.0 = Release|Any CPU
	EndGlobalSection
	GlobalSection(SolutionProperties) = preSolution
		HideSolutionNode = FALSE
	EndGlobalSection
	GlobalSection(MonoDevelopProperties) = preSolution
		StartupItem = Assembly-CSharp.csproj
	EndGlobalSection
EndGlobal
